// !$*UTF8*$!
{
	archiveVersion = 1;
	classes = {
	};
	objectVersion = 52;
	objects = {

/* Begin PBXBuildFile section */
		186BAEC425C808230041D6EF /* Alloy in Frameworks */ = {isa = PBXBuildFile; productRef = 186BAEC325C808230041D6EF /* Alloy */; };
		186BAEC925C808380041D6EF /* Alloy in Frameworks */ = {isa = PBXBuildFile; productRef = 186BAEC825C808380041D6EF /* Alloy */; };
		186BAECD25C808430041D6EF /* Smelter in Frameworks */ = {isa = PBXBuildFile; productRef = 186BAECC25C808430041D6EF /* Smelter */; };
		186BAECF25C808480041D6EF /* Smelter in Frameworks */ = {isa = PBXBuildFile; productRef = 186BAECE25C808480041D6EF /* Smelter */; };
		18C147F12283233F00EB64EF /* Main.storyboard in Resources */ = {isa = PBXBuildFile; fileRef = 18C147EF2283233F00EB64EF /* Main.storyboard */; };
		18C147F32283234000EB64EF /* Assets.xcassets in Resources */ = {isa = PBXBuildFile; fileRef = 18C147F22283234000EB64EF /* Assets.xcassets */; };
		18C147F62283234000EB64EF /* LaunchScreen.storyboard in Resources */ = {isa = PBXBuildFile; fileRef = 18C147F42283234000EB64EF /* LaunchScreen.storyboard */; };
		18C147FB2283249900EB64EF /* ViewController.swift in Sources */ = {isa = PBXBuildFile; fileRef = 18CB498E227D73C70092971D /* ViewController.swift */; };
		18C148112283274000EB64EF /* AppDelegate.swift in Sources */ = {isa = PBXBuildFile; fileRef = 18CB498C227D73C70092971D /* AppDelegate.swift */; };
		18C148122283274800EB64EF /* ViewController.swift in Sources */ = {isa = PBXBuildFile; fileRef = 18CB498E227D73C70092971D /* ViewController.swift */; };
		18C148132283274B00EB64EF /* MobileNetEncoder.swift in Sources */ = {isa = PBXBuildFile; fileRef = 183EDBF62282E211009F42DA /* MobileNetEncoder.swift */; };
		18C148192283275B00EB64EF /* Assets.xcassets in Resources */ = {isa = PBXBuildFile; fileRef = 18CB4990227D73C80092971D /* Assets.xcassets */; };
		18C1481A2283275F00EB64EF /* ClassificationLabels.swift in Sources */ = {isa = PBXBuildFile; fileRef = 183EDBFE22830694009F42DA /* ClassificationLabels.swift */; };
		18C1481B2283276000EB64EF /* ClassificationLabels.swift in Sources */ = {isa = PBXBuildFile; fileRef = 183EDBFE22830694009F42DA /* ClassificationLabels.swift */; };
		18C1481C2283276500EB64EF /* ONNXModels.swift in Sources */ = {isa = PBXBuildFile; fileRef = 18CB499C227D75410092971D /* ONNXModels.swift */; };
		18C1481D2283276500EB64EF /* ONNXModels.swift in Sources */ = {isa = PBXBuildFile; fileRef = 18CB499C227D75410092971D /* ONNXModels.swift */; };
		18C1481F2283276A00EB64EF /* mobilenetv2_fp16.onnx in Resources */ = {isa = PBXBuildFile; fileRef = 18DDC9052280574400723F17 /* mobilenetv2_fp16.onnx */; };
		18C148212283276A00EB64EF /* mobilenetv2_fp16.onnx in Resources */ = {isa = PBXBuildFile; fileRef = 18DDC9052280574400723F17 /* mobilenetv2_fp16.onnx */; };
		18C148222283277500EB64EF /* Main.storyboard in Resources */ = {isa = PBXBuildFile; fileRef = 18CB4992227D73C80092971D /* Main.storyboard */; };
		18C14823228328FC00EB64EF /* MobileNetEncoder.swift in Sources */ = {isa = PBXBuildFile; fileRef = 183EDBF62282E211009F42DA /* MobileNetEncoder.swift */; };
		18C1482522832A0400EB64EF /* TestImages.xcassets in Resources */ = {isa = PBXBuildFile; fileRef = 18C1482422832A0400EB64EF /* TestImages.xcassets */; };
		18C1482622832A0400EB64EF /* TestImages.xcassets in Resources */ = {isa = PBXBuildFile; fileRef = 18C1482422832A0400EB64EF /* TestImages.xcassets */; };
		18C1482722832A7000EB64EF /* AppDelegate.swift in Sources */ = {isa = PBXBuildFile; fileRef = 18CB498C227D73C70092971D /* AppDelegate.swift */; };
		18C1482922832B7600EB64EF /* NSImage+Extensions.swift in Sources */ = {isa = PBXBuildFile; fileRef = 18C1482822832B7600EB64EF /* NSImage+Extensions.swift */; };
/* End PBXBuildFile section */

/* Begin PBXFileReference section */
		183EDBF62282E211009F42DA /* MobileNetEncoder.swift */ = {isa = PBXFileReference; lastKnownFileType = sourcecode.swift; path = MobileNetEncoder.swift; sourceTree = "<group>"; };
		183EDBFE22830694009F42DA /* ClassificationLabels.swift */ = {isa = PBXFileReference; lastKnownFileType = sourcecode.swift; path = ClassificationLabels.swift; sourceTree = "<group>"; };
		18C147E92283233F00EB64EF /* Smelter Demo iOS.app */ = {isa = PBXFileReference; explicitFileType = wrapper.application; includeInIndex = 0; path = "Smelter Demo iOS.app"; sourceTree = BUILT_PRODUCTS_DIR; };
		18C147F02283233F00EB64EF /* Base */ = {isa = PBXFileReference; lastKnownFileType = file.storyboard; name = Base; path = Base.lproj/Main.storyboard; sourceTree = "<group>"; };
		18C147F22283234000EB64EF /* Assets.xcassets */ = {isa = PBXFileReference; lastKnownFileType = folder.assetcatalog; path = Assets.xcassets; sourceTree = "<group>"; };
		18C147F52283234000EB64EF /* Base */ = {isa = PBXFileReference; lastKnownFileType = file.storyboard; name = Base; path = Base.lproj/LaunchScreen.storyboard; sourceTree = "<group>"; };
		18C147F72283234000EB64EF /* Info.plist */ = {isa = PBXFileReference; lastKnownFileType = text.plist.xml; path = Info.plist; sourceTree = "<group>"; };
		18C148012283272000EB64EF /* Smelter Demo macOS.app */ = {isa = PBXFileReference; explicitFileType = wrapper.application; includeInIndex = 0; path = "Smelter Demo macOS.app"; sourceTree = BUILT_PRODUCTS_DIR; };
		18C1480C2283272000EB64EF /* Info.plist */ = {isa = PBXFileReference; lastKnownFileType = text.plist.xml; path = Info.plist; sourceTree = "<group>"; };
		18C1480D2283272000EB64EF /* Smelter_Demo_macOS.entitlements */ = {isa = PBXFileReference; lastKnownFileType = text.plist.entitlements; path = Smelter_Demo_macOS.entitlements; sourceTree = "<group>"; };
		18C1482422832A0400EB64EF /* TestImages.xcassets */ = {isa = PBXFileReference; lastKnownFileType = folder.assetcatalog; path = TestImages.xcassets; sourceTree = "<group>"; };
		18C1482822832B7600EB64EF /* NSImage+Extensions.swift */ = {isa = PBXFileReference; lastKnownFileType = sourcecode.swift; path = "NSImage+Extensions.swift"; sourceTree = "<group>"; };
		18CB498C227D73C70092971D /* AppDelegate.swift */ = {isa = PBXFileReference; lastKnownFileType = sourcecode.swift; path = AppDelegate.swift; sourceTree = "<group>"; };
		18CB498E227D73C70092971D /* ViewController.swift */ = {isa = PBXFileReference; lastKnownFileType = sourcecode.swift; path = ViewController.swift; sourceTree = "<group>"; };
		18CB4990227D73C80092971D /* Assets.xcassets */ = {isa = PBXFileReference; lastKnownFileType = folder.assetcatalog; path = Assets.xcassets; sourceTree = "<group>"; };
		18CB4993227D73C80092971D /* Base */ = {isa = PBXFileReference; lastKnownFileType = file.storyboard; name = Base; path = Base.lproj/Main.storyboard; sourceTree = "<group>"; };
		18CB499C227D75410092971D /* ONNXModels.swift */ = {isa = PBXFileReference; lastKnownFileType = sourcecode.swift; path = ONNXModels.swift; sourceTree = "<group>"; wrapsLines = 1; };
		18DDC9052280574400723F17 /* mobilenetv2_fp16.onnx */ = {isa = PBXFileReference; lastKnownFileType = file; path = mobilenetv2_fp16.onnx; sourceTree = "<group>"; };
/* End PBXFileReference section */

/* Begin PBXFrameworksBuildPhase section */
		18C147E62283233F00EB64EF /* Frameworks */ = {
			isa = PBXFrameworksBuildPhase;
			buildActionMask = 2147483647;
			files = (
				186BAEC925C808380041D6EF /* Alloy in Frameworks */,
				186BAECD25C808430041D6EF /* Smelter in Frameworks */,
			);
			runOnlyForDeploymentPostprocessing = 0;
		};
		18C147FE2283272000EB64EF /* Frameworks */ = {
			isa = PBXFrameworksBuildPhase;
			buildActionMask = 2147483647;
			files = (
				186BAEC425C808230041D6EF /* Alloy in Frameworks */,
				186BAECF25C808480041D6EF /* Smelter in Frameworks */,
			);
			runOnlyForDeploymentPostprocessing = 0;
		};
/* End PBXFrameworksBuildPhase section */

/* Begin PBXGroup section */
		186BAEC725C808380041D6EF /* Frameworks */ = {
			isa = PBXGroup;
			children = (
			);
			name = Frameworks;
			sourceTree = "<group>";
		};
		18C147E32283229800EB64EF /* Models */ = {
			isa = PBXGroup;
			children = (
				18CB499C227D75410092971D /* ONNXModels.swift */,
				18DDC9052280574400723F17 /* mobilenetv2_fp16.onnx */,
			);
			path = Models;
			sourceTree = "<group>";
		};
		18C147EA2283233F00EB64EF /* Smelter Demo iOS */ = {
			isa = PBXGroup;
			children = (
				18C147F22283234000EB64EF /* Assets.xcassets */,
				18C147EF2283233F00EB64EF /* Main.storyboard */,
				18C147F42283234000EB64EF /* LaunchScreen.storyboard */,
				18C147F72283234000EB64EF /* Info.plist */,
			);
			path = "Smelter Demo iOS";
			sourceTree = "<group>";
		};
		18C147FC228326F000EB64EF /* Common */ = {
			isa = PBXGroup;
			children = (
				18CB498C227D73C70092971D /* AppDelegate.swift */,
				18CB498E227D73C70092971D /* ViewController.swift */,
				18C1482C2283723700EB64EF /* Encoders */,
				18C1482D2283724600EB64EF /* Extensions */,
				18CB49A0227D75670092971D /* Resources */,
			);
			path = Common;
			sourceTree = "<group>";
		};
		18C148022283272000EB64EF /* Smelter Demo macOS */ = {
			isa = PBXGroup;
			children = (
				18CB4990227D73C80092971D /* Assets.xcassets */,
				18CB4992227D73C80092971D /* Main.storyboard */,
				18C1480C2283272000EB64EF /* Info.plist */,
				18C1480D2283272000EB64EF /* Smelter_Demo_macOS.entitlements */,
			);
			path = "Smelter Demo macOS";
			sourceTree = "<group>";
		};
		18C1482C2283723700EB64EF /* Encoders */ = {
			isa = PBXGroup;
			children = (
				183EDBF62282E211009F42DA /* MobileNetEncoder.swift */,
			);
			path = Encoders;
			sourceTree = "<group>";
		};
		18C1482D2283724600EB64EF /* Extensions */ = {
			isa = PBXGroup;
			children = (
				18C1482E2283725000EB64EF /* Cocoa */,
			);
			path = Extensions;
			sourceTree = "<group>";
		};
		18C1482E2283725000EB64EF /* Cocoa */ = {
			isa = PBXGroup;
			children = (
				18C1482822832B7600EB64EF /* NSImage+Extensions.swift */,
			);
			path = Cocoa;
			sourceTree = "<group>";
		};
		18CB4980227D73C70092971D = {
			isa = PBXGroup;
			children = (
				18C147FC228326F000EB64EF /* Common */,
				18C147EA2283233F00EB64EF /* Smelter Demo iOS */,
				18C148022283272000EB64EF /* Smelter Demo macOS */,
				18CB498A227D73C70092971D /* Products */,
				186BAEC725C808380041D6EF /* Frameworks */,
			);
			sourceTree = "<group>";
		};
		18CB498A227D73C70092971D /* Products */ = {
			isa = PBXGroup;
			children = (
				18C147E92283233F00EB64EF /* Smelter Demo iOS.app */,
				18C148012283272000EB64EF /* Smelter Demo macOS.app */,
			);
			name = Products;
			sourceTree = "<group>";
		};
		18CB49A0227D75670092971D /* Resources */ = {
			isa = PBXGroup;
			children = (
				18C1482422832A0400EB64EF /* TestImages.xcassets */,
				183EDBFE22830694009F42DA /* ClassificationLabels.swift */,
				18C147E32283229800EB64EF /* Models */,
			);
			path = Resources;
			sourceTree = "<group>";
		};
/* End PBXGroup section */

/* Begin PBXNativeTarget section */
		18C147E82283233F00EB64EF /* Smelter Demo iOS */ = {
			isa = PBXNativeTarget;
			buildConfigurationList = 18C147F82283234000EB64EF /* Build configuration list for PBXNativeTarget "Smelter Demo iOS" */;
			buildPhases = (
				18C147E52283233F00EB64EF /* Sources */,
				18C147E62283233F00EB64EF /* Frameworks */,
				18C147E72283233F00EB64EF /* Resources */,
			);
			buildRules = (
			);
			dependencies = (
			);
			name = "Smelter Demo iOS";
			packageProductDependencies = (
				186BAEC825C808380041D6EF /* Alloy */,
				186BAECC25C808430041D6EF /* Smelter */,
			);
			productName = "Smelter Demo iOS";
			productReference = 18C147E92283233F00EB64EF /* Smelter Demo iOS.app */;
			productType = "com.apple.product-type.application";
		};
		18C148002283272000EB64EF /* Smelter Demo macOS */ = {
			isa = PBXNativeTarget;
			buildConfigurationList = 18C1480E2283272000EB64EF /* Build configuration list for PBXNativeTarget "Smelter Demo macOS" */;
			buildPhases = (
				18C147FD2283272000EB64EF /* Sources */,
				18C147FE2283272000EB64EF /* Frameworks */,
				18C147FF2283272000EB64EF /* Resources */,
			);
			buildRules = (
			);
			dependencies = (
			);
			name = "Smelter Demo macOS";
			packageProductDependencies = (
				186BAEC325C808230041D6EF /* Alloy */,
				186BAECE25C808480041D6EF /* Smelter */,
			);
			productName = "Smelter Demo macOS";
			productReference = 18C148012283272000EB64EF /* Smelter Demo macOS.app */;
			productType = "com.apple.product-type.application";
		};
/* End PBXNativeTarget section */

/* Begin PBXProject section */
		18CB4981227D73C70092971D /* Project object */ = {
			isa = PBXProject;
			attributes = {
				LastSwiftUpdateCheck = 1020;
				LastUpgradeCheck = 1020;
				ORGANIZATIONNAME = "Eugene Bokhan";
				TargetAttributes = {
					18C147E82283233F00EB64EF = {
						CreatedOnToolsVersion = 10.2.1;
					};
					18C148002283272000EB64EF = {
						CreatedOnToolsVersion = 10.2.1;
					};
				};
			};
			buildConfigurationList = 18CB4984227D73C70092971D /* Build configuration list for PBXProject "Smelter Demo" */;
			compatibilityVersion = "Xcode 9.3";
			developmentRegion = en;
			hasScannedForEncodings = 0;
			knownRegions = (
				en,
				Base,
			);
			mainGroup = 18CB4980227D73C70092971D;
			packageReferences = (
				186BAEC225C808230041D6EF /* XCRemoteSwiftPackageReference "Alloy" */,
			);
			productRefGroup = 18CB498A227D73C70092971D /* Products */;
			projectDirPath = "";
			projectRoot = "";
			targets = (
				18C148002283272000EB64EF /* Smelter Demo macOS */,
				18C147E82283233F00EB64EF /* Smelter Demo iOS */,
			);
		};
/* End PBXProject section */

/* Begin PBXResourcesBuildPhase section */
		18C147E72283233F00EB64EF /* Resources */ = {
			isa = PBXResourcesBuildPhase;
			buildActionMask = 2147483647;
			files = (
				18C147F62283234000EB64EF /* LaunchScreen.storyboard in Resources */,
				18C147F32283234000EB64EF /* Assets.xcassets in Resources */,
				18C1482522832A0400EB64EF /* TestImages.xcassets in Resources */,
				18C1481F2283276A00EB64EF /* mobilenetv2_fp16.onnx in Resources */,
				18C147F12283233F00EB64EF /* Main.storyboard in Resources */,
			);
			runOnlyForDeploymentPostprocessing = 0;
		};
		18C147FF2283272000EB64EF /* Resources */ = {
			isa = PBXResourcesBuildPhase;
			buildActionMask = 2147483647;
			files = (
				18C148212283276A00EB64EF /* mobilenetv2_fp16.onnx in Resources */,
				18C148222283277500EB64EF /* Main.storyboard in Resources */,
				18C1482622832A0400EB64EF /* TestImages.xcassets in Resources */,
				18C148192283275B00EB64EF /* Assets.xcassets in Resources */,
			);
			runOnlyForDeploymentPostprocessing = 0;
		};
/* End PBXResourcesBuildPhase section */

/* Begin PBXSourcesBuildPhase section */
		18C147E52283233F00EB64EF /* Sources */ = {
			isa = PBXSourcesBuildPhase;
			buildActionMask = 2147483647;
			files = (
				18C1482722832A7000EB64EF /* AppDelegate.swift in Sources */,
				18C1481A2283275F00EB64EF /* ClassificationLabels.swift in Sources */,
				18C1481C2283276500EB64EF /* ONNXModels.swift in Sources */,
				18C14823228328FC00EB64EF /* MobileNetEncoder.swift in Sources */,
				18C147FB2283249900EB64EF /* ViewController.swift in Sources */,
			);
			runOnlyForDeploymentPostprocessing = 0;
		};
		18C147FD2283272000EB64EF /* Sources */ = {
			isa = PBXSourcesBuildPhase;
			buildActionMask = 2147483647;
			files = (
				18C148132283274B00EB64EF /* MobileNetEncoder.swift in Sources */,
				18C148122283274800EB64EF /* ViewController.swift in Sources */,
				18C1482922832B7600EB64EF /* NSImage+Extensions.swift in Sources */,
				18C148112283274000EB64EF /* AppDelegate.swift in Sources */,
				18C1481B2283276000EB64EF /* ClassificationLabels.swift in Sources */,
				18C1481D2283276500EB64EF /* ONNXModels.swift in Sources */,
			);
			runOnlyForDeploymentPostprocessing = 0;
		};
/* End PBXSourcesBuildPhase section */

/* Begin PBXVariantGroup section */
		18C147EF2283233F00EB64EF /* Main.storyboard */ = {
			isa = PBXVariantGroup;
			children = (
				18C147F02283233F00EB64EF /* Base */,
			);
			name = Main.storyboard;
			sourceTree = "<group>";
		};
		18C147F42283234000EB64EF /* LaunchScreen.storyboard */ = {
			isa = PBXVariantGroup;
			children = (
				18C147F52283234000EB64EF /* Base */,
			);
			name = LaunchScreen.storyboard;
			sourceTree = "<group>";
		};
		18CB4992227D73C80092971D /* Main.storyboard */ = {
			isa = PBXVariantGroup;
			children = (
				18CB4993227D73C80092971D /* Base */,
			);
			name = Main.storyboard;
			sourceTree = "<group>";
		};
/* End PBXVariantGroup section */

/* Begin XCBuildConfiguration section */
		18C147F92283234000EB64EF /* Debug */ = {
			isa = XCBuildConfiguration;
			buildSettings = {
				ASSETCATALOG_COMPILER_APPICON_NAME = AppIcon;
				CODE_SIGN_IDENTITY = "iPhone Developer";
				CODE_SIGN_STYLE = Automatic;
				DEVELOPMENT_TEAM = U59P58LC6V;
				INFOPLIST_FILE = "Smelter Demo iOS/Info.plist";
				IPHONEOS_DEPLOYMENT_TARGET = 12.1;
				LD_RUNPATH_SEARCH_PATHS = (
					"$(inherited)",
					"@executable_path/Frameworks",
				);
				PRODUCT_BUNDLE_IDENTIFIER = "com.eugenebokhan.Smelter-Demo-iOS";
				PRODUCT_NAME = "$(TARGET_NAME)";
				SDKROOT = iphoneos;
				SWIFT_VERSION = 5.0;
				TARGETED_DEVICE_FAMILY = "1,2";
			};
			name = Debug;
		};
		18C147FA2283234000EB64EF /* Release */ = {
			isa = XCBuildConfiguration;
			buildSettings = {
				ASSETCATALOG_COMPILER_APPICON_NAME = AppIcon;
				CODE_SIGN_IDENTITY = "iPhone Developer";
				CODE_SIGN_STYLE = Automatic;
				DEVELOPMENT_TEAM = U59P58LC6V;
				INFOPLIST_FILE = "Smelter Demo iOS/Info.plist";
				IPHONEOS_DEPLOYMENT_TARGET = 12.1;
				LD_RUNPATH_SEARCH_PATHS = (
					"$(inherited)",
					"@executable_path/Frameworks",
				);
				PRODUCT_BUNDLE_IDENTIFIER = "com.eugenebokhan.Smelter-Demo-iOS";
				PRODUCT_NAME = "$(TARGET_NAME)";
				SDKROOT = iphoneos;
				SWIFT_VERSION = 5.0;
				TARGETED_DEVICE_FAMILY = "1,2";
				VALIDATE_PRODUCT = YES;
			};
			name = Release;
		};
		18C1480F2283272000EB64EF /* Debug */ = {
			isa = XCBuildConfiguration;
			buildSettings = {
				ASSETCATALOG_COMPILER_APPICON_NAME = AppIcon;
				CODE_SIGN_ENTITLEMENTS = "Smelter Demo macOS/Smelter_Demo_macOS.entitlements";
				CODE_SIGN_STYLE = Automatic;
				COMBINE_HIDPI_IMAGES = YES;
				DEVELOPMENT_TEAM = U59P58LC6V;
				INFOPLIST_FILE = "Smelter Demo macOS/Info.plist";
				LD_RUNPATH_SEARCH_PATHS = (
					"$(inherited)",
					"@executable_path/../Frameworks",
				);
				MACOSX_DEPLOYMENT_TARGET = 10.14.1;
				PRODUCT_BUNDLE_IDENTIFIER = "com.eugenebokhan.Smelter-Demo-macOS";
				PRODUCT_NAME = "$(TARGET_NAME)";
				SWIFT_VERSION = 5.0;
			};
			name = Debug;
		};
		18C148102283272000EB64EF /* Release */ = {
			isa = XCBuildConfiguration;
			buildSettings = {
				ASSETCATALOG_COMPILER_APPICON_NAME = AppIcon;
				CODE_SIGN_ENTITLEMENTS = "Smelter Demo macOS/Smelter_Demo_macOS.entitlements";
				CODE_SIGN_STYLE = Automatic;
				COMBINE_HIDPI_IMAGES = YES;
				DEVELOPMENT_TEAM = U59P58LC6V;
				INFOPLIST_FILE = "Smelter Demo macOS/Info.plist";
				LD_RUNPATH_SEARCH_PATHS = (
					"$(inherited)",
					"@executable_path/../Frameworks",
				);
				MACOSX_DEPLOYMENT_TARGET = 10.14.1;
				PRODUCT_BUNDLE_IDENTIFIER = "com.eugenebokhan.Smelter-Demo-macOS";
				PRODUCT_NAME = "$(TARGET_NAME)";
				SWIFT_VERSION = 5.0;
			};
			name = Release;
		};
		18CB4997227D73C80092971D /* Debug */ = {
			isa = XCBuildConfiguration;
			buildSettings = {
				ALWAYS_SEARCH_USER_PATHS = NO;
				CLANG_ANALYZER_NONNULL = YES;
				CLANG_ANALYZER_NUMBER_OBJECT_CONVERSION = YES_AGGRESSIVE;
				CLANG_CXX_LANGUAGE_STANDARD = "gnu++14";
				CLANG_CXX_LIBRARY = "libc++";
				CLANG_ENABLE_MODULES = YES;
				CLANG_ENABLE_OBJC_ARC = YES;
				CLANG_ENABLE_OBJC_WEAK = YES;
				CLANG_WARN_BLOCK_CAPTURE_AUTORELEASING = YES;
				CLANG_WARN_BOOL_CONVERSION = YES;
				CLANG_WARN_COMMA = YES;
				CLANG_WARN_CONSTANT_CONVERSION = YES;
				CLANG_WARN_DEPRECATED_OBJC_IMPLEMENTATIONS = YES;
				CLANG_WARN_DIRECT_OBJC_ISA_USAGE = YES_ERROR;
				CLANG_WARN_DOCUMENTATION_COMMENTS = YES;
				CLANG_WARN_EMPTY_BODY = YES;
				CLANG_WARN_ENUM_CONVERSION = YES;
				CLANG_WARN_INFINITE_RECURSION = YES;
				CLANG_WARN_INT_CONVERSION = YES;
				CLANG_WARN_NON_LITERAL_NULL_CONVERSION = YES;
				CLANG_WARN_OBJC_IMPLICIT_RETAIN_SELF = YES;
				CLANG_WARN_OBJC_LITERAL_CONVERSION = YES;
				CLANG_WARN_OBJC_ROOT_CLASS = YES_ERROR;
				CLANG_WARN_RANGE_LOOP_ANALYSIS = YES;
				CLANG_WARN_STRICT_PROTOTYPES = YES;
				CLANG_WARN_SUSPICIOUS_MOVE = YES;
				CLANG_WARN_UNGUARDED_AVAILABILITY = YES_AGGRESSIVE;
				CLANG_WARN_UNREACHABLE_CODE = YES;
				CLANG_WARN__DUPLICATE_METHOD_MATCH = YES;
				CODE_SIGN_IDENTITY = "Mac Developer";
				COPY_PHASE_STRIP = NO;
				DEBUG_INFORMATION_FORMAT = dwarf;
				ENABLE_STRICT_OBJC_MSGSEND = YES;
				ENABLE_TESTABILITY = YES;
				GCC_C_LANGUAGE_STANDARD = gnu11;
				GCC_DYNAMIC_NO_PIC = NO;
				GCC_NO_COMMON_BLOCKS = YES;
				GCC_OPTIMIZATION_LEVEL = 0;
				GCC_PREPROCESSOR_DEFINITIONS = (
					"DEBUG=1",
					"$(inherited)",
				);
				GCC_WARN_64_TO_32_BIT_CONVERSION = YES;
				GCC_WARN_ABOUT_RETURN_TYPE = YES_ERROR;
				GCC_WARN_UNDECLARED_SELECTOR = YES;
				GCC_WARN_UNINITIALIZED_AUTOS = YES_AGGRESSIVE;
				GCC_WARN_UNUSED_FUNCTION = YES;
				GCC_WARN_UNUSED_VARIABLE = YES;
				MACOSX_DEPLOYMENT_TARGET = 10.14;
				MTL_ENABLE_DEBUG_INFO = INCLUDE_SOURCE;
				MTL_FAST_MATH = YES;
				ONLY_ACTIVE_ARCH = YES;
				SDKROOT = macosx;
				SWIFT_ACTIVE_COMPILATION_CONDITIONS = DEBUG;
				SWIFT_OPTIMIZATION_LEVEL = "-Onone";
			};
			name = Debug;
		};
		18CB4998227D73C80092971D /* Release */ = {
			isa = XCBuildConfiguration;
			buildSettings = {
				ALWAYS_SEARCH_USER_PATHS = NO;
				CLANG_ANALYZER_NONNULL = YES;
				CLANG_ANALYZER_NUMBER_OBJECT_CONVERSION = YES_AGGRESSIVE;
				CLANG_CXX_LANGUAGE_STANDARD = "gnu++14";
				CLANG_CXX_LIBRARY = "libc++";
				CLANG_ENABLE_MODULES = YES;
				CLANG_ENABLE_OBJC_ARC = YES;
				CLANG_ENABLE_OBJC_WEAK = YES;
				CLANG_WARN_BLOCK_CAPTURE_AUTORELEASING = YES;
				CLANG_WARN_BOOL_CONVERSION = YES;
				CLANG_WARN_COMMA = YES;
				CLANG_WARN_CONSTANT_CONVERSION = YES;
				CLANG_WARN_DEPRECATED_OBJC_IMPLEMENTATIONS = YES;
				CLANG_WARN_DIRECT_OBJC_ISA_USAGE = YES_ERROR;
				CLANG_WARN_DOCUMENTATION_COMMENTS = YES;
				CLANG_WARN_EMPTY_BODY = YES;
				CLANG_WARN_ENUM_CONVERSION = YES;
				CLANG_WARN_INFINITE_RECURSION = YES;
				CLANG_WARN_INT_CONVERSION = YES;
				CLANG_WARN_NON_LITERAL_NULL_CONVERSION = YES;
				CLANG_WARN_OBJC_IMPLICIT_RETAIN_SELF = YES;
				CLANG_WARN_OBJC_LITERAL_CONVERSION = YES;
				CLANG_WARN_OBJC_ROOT_CLASS = YES_ERROR;
				CLANG_WARN_RANGE_LOOP_ANALYSIS = YES;
				CLANG_WARN_STRICT_PROTOTYPES = YES;
				CLANG_WARN_SUSPICIOUS_MOVE = YES;
				CLANG_WARN_UNGUARDED_AVAILABILITY = YES_AGGRESSIVE;
				CLANG_WARN_UNREACHABLE_CODE = YES;
				CLANG_WARN__DUPLICATE_METHOD_MATCH = YES;
				CODE_SIGN_IDENTITY = "Mac Developer";
				COPY_PHASE_STRIP = NO;
				DEBUG_INFORMATION_FORMAT = "dwarf-with-dsym";
				ENABLE_NS_ASSERTIONS = NO;
				ENABLE_STRICT_OBJC_MSGSEND = YES;
				GCC_C_LANGUAGE_STANDARD = gnu11;
				GCC_NO_COMMON_BLOCKS = YES;
				GCC_WARN_64_TO_32_BIT_CONVERSION = YES;
				GCC_WARN_ABOUT_RETURN_TYPE = YES_ERROR;
				GCC_WARN_UNDECLARED_SELECTOR = YES;
				GCC_WARN_UNINITIALIZED_AUTOS = YES_AGGRESSIVE;
				GCC_WARN_UNUSED_FUNCTION = YES;
				GCC_WARN_UNUSED_VARIABLE = YES;
				MACOSX_DEPLOYMENT_TARGET = 10.14;
				MTL_ENABLE_DEBUG_INFO = NO;
				MTL_FAST_MATH = YES;
				SDKROOT = macosx;
				SWIFT_COMPILATION_MODE = wholemodule;
				SWIFT_OPTIMIZATION_LEVEL = "-O";
			};
			name = Release;
		};
/* End XCBuildConfiguration section */

/* Begin XCConfigurationList section */
		18C147F82283234000EB64EF /* Build configuration list for PBXNativeTarget "Smelter Demo iOS" */ = {
			isa = XCConfigurationList;
			buildConfigurations = (
				18C147F92283234000EB64EF /* Debug */,
				18C147FA2283234000EB64EF /* Release */,
			);
			defaultConfigurationIsVisible = 0;
			defaultConfigurationName = Release;
		};
		18C1480E2283272000EB64EF /* Build configuration list for PBXNativeTarget "Smelter Demo macOS" */ = {
			isa = XCConfigurationList;
			buildConfigurations = (
				18C1480F2283272000EB64EF /* Debug */,
				18C148102283272000EB64EF /* Release */,
			);
			defaultConfigurationIsVisible = 0;
			defaultConfigurationName = Release;
		};
		18CB4984227D73C70092971D /* Build configuration list for PBXProject "Smelter Demo" */ = {
			isa = XCConfigurationList;
			buildConfigurations = (
				18CB4997227D73C80092971D /* Debug */,
				18CB4998227D73C80092971D /* Release */,
			);
			defaultConfigurationIsVisible = 0;
			defaultConfigurationName = Release;
		};
/* End XCConfigurationList section */

/* Begin XCRemoteSwiftPackageReference section */
		186BAEC225C808230041D6EF /* XCRemoteSwiftPackageReference "Alloy" */ = {
			isa = XCRemoteSwiftPackageReference;
			repositoryURL = "https://github.com/s1ddok/Alloy.git";
			requirement = {
				kind = upToNextMajorVersion;
				minimumVersion = 0.16.4;
			};
		};
/* End XCRemoteSwiftPackageReference section */

/* Begin XCSwiftPackageProductDependency section */
		186BAEC325C808230041D6EF /* Alloy */ = {
			isa = XCSwiftPackageProductDependency;
			package = 186BAEC225C808230041D6EF /* XCRemoteSwiftPackageReference "Alloy" */;
			productName = Alloy;
		};
		186BAEC825C808380041D6EF /* Alloy */ = {
			isa = XCSwiftPackageProductDependency;
			package = 186BAEC225C808230041D6EF /* XCRemoteSwiftPackageReference "Alloy" */;
			productName = Alloy;
		};
		186BAECC25C808430041D6EF /* Smelter */ = {
			isa = XCSwiftPackageProductDependency;
			productName = Smelter;
		};
		186BAECE25C808480041D6EF /* Smelter */ = {
			isa = XCSwiftPackageProductDependency;
			productName = Smelter;
		};
/* End XCSwiftPackageProductDependency section */
	};
	rootObject = 18CB4981227D73C70092971D /* Project object */;
}
