{
  "object": {
    "pins": [
      {
        "package": "Alloy",
        "repositoryURL": "https://github.com/s1ddok/Alloy.git",
        "state": {
          "branch": "swiftpm2",
          "revision": "b1224113145e0bc9f9f245ab5f0d78d843997c45",
          "version": null
        }
      },
      {
        "package": "SwiftProtobuf",
        "repositoryURL": "https://github.com/apple/swift-protobuf.git",
        "state": {
          "branch": null,
          "revision": "da75a93ac017534e0028e83c0e4fc4610d2acf48",
          "version": "1.7.0"
        }
      }
    ]
  },
  "version": 1
}
