PODS:
  - Alloy/Core (0.11.5)
  - Alloy/ML (0.11.5):
    - Alloy/Core
  - Alloy/Shaders (0.11.5):
    - Alloy/Core
  - Smelter (0.9.4):
    - Alloy/ML (~> 0.11.4)
    - SwiftProtobuf (~> 1.7.0)
  - SwiftProtobuf (1.7.0)

DEPENDENCIES:
  - Alloy/Shaders
  - Smelter (from `../`)

SPEC REPOS:
  https://github.com/CocoaPods/Specs.git:
    - Alloy
    - SwiftProtobuf

EXTERNAL SOURCES:
  Smelter:
    :path: "../"

SPEC CHECKSUMS:
  Alloy: 78efb89fe02854ed5127bcae966895b9a38c62fa
  Smelter: 2464363a5e680d28076835b5c21cf23ba8c5e128
  SwiftProtobuf: 4fd9645e69b72cbae6ec8da5be0cdd20ca6565dd

PODFILE CHECKSUM: ab4de2b937b988f46fdf75166a1d0d51cbbf33f5

COCOAPODS: 1.8.4
